// !$*UTF8*$!
{
	archiveVersion = 1;
	classes = {
	};
	objectVersion = 50;
	objects = {

/* Begin PBXBuildFile section */
		41E6BA756907FD2DA4913572 /* Pods_VKApi.framework in Frameworks */ = {isa = PBXBuildFile; fileRef = DC3113334C3062B304F658B5 /* Pods_VKApi.framework */; };
		F50B38F62209543600C51AAF /* AppDelegate.swift in Sources */ = {isa = PBXBuildFile; fileRef = F50B38F52209543600C51AAF /* AppDelegate.swift */; };
		F50B38F82209543600C51AAF /* ViewController.swift in Sources */ = {isa = PBXBuildFile; fileRef = F50B38F72209543600C51AAF /* ViewController.swift */; };
		F50B38FB2209543600C51AAF /* Main.storyboard in Resources */ = {isa = PBXBuildFile; fileRef = F50B38F92209543600C51AAF /* Main.storyboard */; };
		F50B38FD2209543800C51AAF /* Assets.xcassets in Resources */ = {isa = PBXBuildFile; fileRef = F50B38FC2209543800C51AAF /* Assets.xcassets */; };
		F50B39002209543800C51AAF /* LaunchScreen.storyboard in Resources */ = {isa = PBXBuildFile; fileRef = F50B38FE2209543800C51AAF /* LaunchScreen.storyboard */; };
		F50B39082209545C00C51AAF /* PostVK.swift in Sources */ = {isa = PBXBuildFile; fileRef = F50B39072209545C00C51AAF /* PostVK.swift */; };
/* End PBXBuildFile section */

/* Begin PBXFileReference section */
		037E298E3B82CC966114A9B7 /* Pods-VKApi.release.xcconfig */ = {isa = PBXFileReference; includeInIndex = 1; lastKnownFileType = text.xcconfig; name = "Pods-VKApi.release.xcconfig"; path = "Pods/Target Support Files/Pods-VKApi/Pods-VKApi.release.xcconfig"; sourceTree = "<group>"; };
		B7404DFBD970CD39F8F61E87 /* Pods-VKApi.debug.xcconfig */ = {isa = PBXFileReference; includeInIndex = 1; lastKnownFileType = text.xcconfig; name = "Pods-VKApi.debug.xcconfig"; path = "Pods/Target Support Files/Pods-VKApi/Pods-VKApi.debug.xcconfig"; sourceTree = "<group>"; };
		DC3113334C3062B304F658B5 /* Pods_VKApi.framework */ = {isa = PBXFileReference; explicitFileType = wrapper.framework; includeInIndex = 0; path = Pods_VKApi.framework; sourceTree = BUILT_PRODUCTS_DIR; };
		F50B38F22209543600C51AAF /* VKApi.app */ = {isa = PBXFileReference; explicitFileType = wrapper.application; includeInIndex = 0; path = VKApi.app; sourceTree = BUILT_PRODUCTS_DIR; };
		F50B38F52209543600C51AAF /* AppDelegate.swift */ = {isa = PBXFileReference; lastKnownFileType = sourcecode.swift; path = AppDelegate.swift; sourceTree = "<group>"; };
		F50B38F72209543600C51AAF /* ViewController.swift */ = {isa = PBXFileReference; lastKnownFileType = sourcecode.swift; path = ViewController.swift; sourceTree = "<group>"; };
		F50B38FA2209543600C51AAF /* Base */ = {isa = PBXFileReference; lastKnownFileType = file.storyboard; name = Base; path = Base.lproj/Main.storyboard; sourceTree = "<group>"; };
		F50B38FC2209543800C51AAF /* Assets.xcassets */ = {isa = PBXFileReference; lastKnownFileType = folder.assetcatalog; path = Assets.xcassets; sourceTree = "<group>"; };
		F50B38FF2209543800C51AAF /* Base */ = {isa = PBXFileReference; lastKnownFileType = file.storyboard; name = Base; path = Base.lproj/LaunchScreen.storyboard; sourceTree = "<group>"; };
		F50B39012209543800C51AAF /* Info.plist */ = {isa = PBXFileReference; lastKnownFileType = text.plist.xml; path = Info.plist; sourceTree = "<group>"; };
		F50B39072209545C00C51AAF /* PostVK.swift */ = {isa = PBXFileReference; lastKnownFileType = sourcecode.swift; path = PostVK.swift; sourceTree = "<group>"; };
/* End PBXFileReference section */

/* Begin PBXFrameworksBuildPhase section */
		F50B38EF2209543500C51AAF /* Frameworks */ = {
			isa = PBXFrameworksBuildPhase;
			buildActionMask = 2147483647;
			files = (
				41E6BA756907FD2DA4913572 /* Pods_VKApi.framework in Frameworks */,
			);
			runOnlyForDeploymentPostprocessing = 0;
		};
/* End PBXFrameworksBuildPhase section */

/* Begin PBXGroup section */
		C2D7BA18CA133E77AFC262C8 /* Frameworks */ = {
			isa = PBXGroup;
			children = (
				DC3113334C3062B304F658B5 /* Pods_VKApi.framework */,
			);
			name = Frameworks;
			sourceTree = "<group>";
		};
		DE69E12770E588D351973D4E /* Pods */ = {
			isa = PBXGroup;
			children = (
				B7404DFBD970CD39F8F61E87 /* Pods-VKApi.debug.xcconfig */,
				037E298E3B82CC966114A9B7 /* Pods-VKApi.release.xcconfig */,
			);
			name = Pods;
			sourceTree = "<group>";
		};
		F50B38E92209543500C51AAF = {
			isa = PBXGroup;
			children = (
				F50B38F42209543600C51AAF /* VKApi */,
				F50B38F32209543600C51AAF /* Products */,
				DE69E12770E588D351973D4E /* Pods */,
				C2D7BA18CA133E77AFC262C8 /* Frameworks */,
			);
			sourceTree = "<group>";
		};
		F50B38F32209543600C51AAF /* Products */ = {
			isa = PBXGroup;
			children = (
				F50B38F22209543600C51AAF /* VKApi.app */,
			);
			name = Products;
			sourceTree = "<group>";
		};
		F50B38F42209543600C51AAF /* VKApi */ = {
			isa = PBXGroup;
			children = (
				F50B38F52209543600C51AAF /* AppDelegate.swift */,
				F50B38F72209543600C51AAF /* ViewController.swift */,
				F50B38F92209543600C51AAF /* Main.storyboard */,
				F50B38FC2209543800C51AAF /* Assets.xcassets */,
				F50B38FE2209543800C51AAF /* LaunchScreen.storyboard */,
				F50B39012209543800C51AAF /* Info.plist */,
				F50B39072209545C00C51AAF /* PostVK.swift */,
			);
			path = VKApi;
			sourceTree = "<group>";
		};
/* End PBXGroup section */

/* Begin PBXNativeTarget section */
		F50B38F12209543500C51AAF /* VKApi */ = {
			isa = PBXNativeTarget;
			buildConfigurationList = F50B39042209543800C51AAF /* Build configuration list for PBXNativeTarget "VKApi" */;
			buildPhases = (
				CC2CBAD239CD7634D680E0C8 /* [CP] Check Pods Manifest.lock */,
				F50B38EE2209543500C51AAF /* Sources */,
				F50B38EF2209543500C51AAF /* Frameworks */,
				F50B38F02209543500C51AAF /* Resources */,
				1109091E1C87C03A2484009F /* [CP] Embed Pods Frameworks */,
			);
			buildRules = (
			);
			dependencies = (
			);
			name = VKApi;
			productName = VKApi;
			productReference = F50B38F22209543600C51AAF /* VKApi.app */;
			productType = "com.apple.product-type.application";
		};
/* End PBXNativeTarget section */

/* Begin PBXProject section */
		F50B38EA2209543500C51AAF /* Project object */ = {
			isa = PBXProject;
			attributes = {
				LastSwiftUpdateCheck = 1010;
				LastUpgradeCheck = 1010;
				ORGANIZATIONNAME = "Nurzhigit Smailov";
				TargetAttributes = {
					F50B38F12209543500C51AAF = {
						CreatedOnToolsVersion = 10.1;
					};
				};
			};
			buildConfigurationList = F50B38ED2209543500C51AAF /* Build configuration list for PBXProject "VKApi" */;
			compatibilityVersion = "Xcode 9.3";
			developmentRegion = en;
			hasScannedForEncodings = 0;
			knownRegions = (
				en,
				Base,
			);
			mainGroup = F50B38E92209543500C51AAF;
			productRefGroup = F50B38F32209543600C51AAF /* Products */;
			projectDirPath = "";
			projectRoot = "";
			targets = (
				F50B38F12209543500C51AAF /* VKApi */,
			);
		};
/* End PBXProject section */

/* Begin PBXResourcesBuildPhase section */
		F50B38F02209543500C51AAF /* Resources */ = {
			isa = PBXResourcesBuildPhase;
			buildActionMask = 2147483647;
			files = (
				F50B39002209543800C51AAF /* LaunchScreen.storyboard in Resources */,
				F50B38FD2209543800C51AAF /* Assets.xcassets in Resources */,
				F50B38FB2209543600C51AAF /* Main.storyboard in Resources */,
			);
			runOnlyForDeploymentPostprocessing = 0;
		};
/* End PBXResourcesBuildPhase section */

/* Begin PBXShellScriptBuildPhase section */
		1109091E1C87C03A2484009F /* [CP] Embed Pods Frameworks */ = {
			isa = PBXShellScriptBuildPhase;
			buildActionMask = 2147483647;
			files = (
			);
			inputFileListPaths = (
			);
			inputPaths = (
				"${SRCROOT}/Pods/Target Support Files/Pods-VKApi/Pods-VKApi-frameworks.sh",
				"${BUILT_PRODUCTS_DIR}/Alamofire/Alamofire.framework",
				"${BUILT_PRODUCTS_DIR}/SVProgressHUD/SVProgressHUD.framework",
				"${BUILT_PRODUCTS_DIR}/SwiftyJSON/SwiftyJSON.framework",
				"${BUILT_PRODUCTS_DIR}/SwiftyVK/SwiftyVK.framework",
			);
			name = "[CP] Embed Pods Frameworks";
			outputFileListPaths = (
			);
			outputPaths = (
				"${TARGET_BUILD_DIR}/${FRAMEWORKS_FOLDER_PATH}/Alamofire.framework",
				"${TARGET_BUILD_DIR}/${FRAMEWORKS_FOLDER_PATH}/SVProgressHUD.framework",
				"${TARGET_BUILD_DIR}/${FRAMEWORKS_FOLDER_PATH}/SwiftyJSON.framework",
				"${TARGET_BUILD_DIR}/${FRAMEWORKS_FOLDER_PATH}/SwiftyVK.framework",
			);
			runOnlyForDeploymentPostprocessing = 0;
			shellPath = /bin/sh;
			shellScript = "\"${SRCROOT}/Pods/Target Support Files/Pods-VKApi/Pods-VKApi-frameworks.sh\"\n";
			showEnvVarsInLog = 0;
		};
		CC2CBAD239CD7634D680E0C8 /* [CP] Check Pods Manifest.lock */ = {
			isa = PBXShellScriptBuildPhase;
			buildActionMask = 2147483647;
			files = (
			);
			inputFileListPaths = (
			);
			inputPaths = (
				"${PODS_PODFILE_DIR_PATH}/Podfile.lock",
				"${PODS_ROOT}/Manifest.lock",
			);
			name = "[CP] Check Pods Manifest.lock";
			outputFileListPaths = (
			);
			outputPaths = (
				"$(DERIVED_FILE_DIR)/Pods-VKApi-checkManifestLockResult.txt",
			);
			runOnlyForDeploymentPostprocessing = 0;
			shellPath = /bin/sh;
			shellScript = "diff \"${PODS_PODFILE_DIR_PATH}/Podfile.lock\" \"${PODS_ROOT}/Manifest.lock\" > /dev/null\nif [ $? != 0 ] ; then\n    # print error to STDERR\n    echo \"error: The sandbox is not in sync with the Podfile.lock. Run 'pod install' or update your CocoaPods installation.\" >&2\n    exit 1\nfi\n# This output is used by Xcode 'outputs' to avoid re-running this script phase.\necho \"SUCCESS\" > \"${SCRIPT_OUTPUT_FILE_0}\"\n";
			showEnvVarsInLog = 0;
		};
/* End PBXShellScriptBuildPhase section */

/* Begin PBXSourcesBuildPhase section */
		F50B38EE2209543500C51AAF /* Sources */ = {
			isa = PBXSourcesBuildPhase;
			buildActionMask = 2147483647;
			files = (
				F50B39082209545C00C51AAF /* PostVK.swift in Sources */,
				F50B38F82209543600C51AAF /* ViewController.swift in Sources */,
				F50B38F62209543600C51AAF /* AppDelegate.swift in Sources */,
			);
			runOnlyForDeploymentPostprocessing = 0;
		};
/* End PBXSourcesBuildPhase section */

/* Begin PBXVariantGroup section */
		F50B38F92209543600C51AAF /* Main.storyboard */ = {
			isa = PBXVariantGroup;
			children = (
				F50B38FA2209543600C51AAF /* Base */,
			);
			name = Main.storyboard;
			sourceTree = "<group>";
		};
		F50B38FE2209543800C51AAF /* LaunchScreen.storyboard */ = {
			isa = PBXVariantGroup;
			children = (
				F50B38FF2209543800C51AAF /* Base */,
			);
			name = LaunchScreen.storyboard;
			sourceTree = "<group>";
		};
/* End PBXVariantGroup section */

/* Begin XCBuildConfiguration section */
		F50B39022209543800C51AAF /* Debug */ = {
			isa = XCBuildConfiguration;
			buildSettings = {
				ALWAYS_SEARCH_USER_PATHS = NO;
				CLANG_ANALYZER_NONNULL = YES;
				CLANG_ANALYZER_NUMBER_OBJECT_CONVERSION = YES_AGGRESSIVE;
				CLANG_CXX_LANGUAGE_STANDARD = "gnu++14";
				CLANG_CXX_LIBRARY = "libc++";
				CLANG_ENABLE_MODULES = YES;
				CLANG_ENABLE_OBJC_ARC = YES;
				CLANG_ENABLE_OBJC_WEAK = YES;
				CLANG_WARN_BLOCK_CAPTURE_AUTORELEASING = YES;
				CLANG_WARN_BOOL_CONVERSION = YES;
				CLANG_WARN_COMMA = YES;
				CLANG_WARN_CONSTANT_CONVERSION = YES;
				CLANG_WARN_DEPRECATED_OBJC_IMPLEMENTATIONS = YES;
				CLANG_WARN_DIRECT_OBJC_ISA_USAGE = YES_ERROR;
				CLANG_WARN_DOCUMENTATION_COMMENTS = YES;
				CLANG_WARN_EMPTY_BODY = YES;
				CLANG_WARN_ENUM_CONVERSION = YES;
				CLANG_WARN_INFINITE_RECURSION = YES;
				CLANG_WARN_INT_CONVERSION = YES;
				CLANG_WARN_NON_LITERAL_NULL_CONVERSION = YES;
				CLANG_WARN_OBJC_IMPLICIT_RETAIN_SELF = YES;
				CLANG_WARN_OBJC_LITERAL_CONVERSION = YES;
				CLANG_WARN_OBJC_ROOT_CLASS = YES_ERROR;
				CLANG_WARN_RANGE_LOOP_ANALYSIS = YES;
				CLANG_WARN_STRICT_PROTOTYPES = YES;
				CLANG_WARN_SUSPICIOUS_MOVE = YES;
				CLANG_WARN_UNGUARDED_AVAILABILITY = YES_AGGRESSIVE;
				CLANG_WARN_UNREACHABLE_CODE = YES;
				CLANG_WARN__DUPLICATE_METHOD_MATCH = YES;
				CODE_SIGN_IDENTITY = "iPhone Developer";
				COPY_PHASE_STRIP = NO;
				DEBUG_INFORMATION_FORMAT = dwarf;
				ENABLE_STRICT_OBJC_MSGSEND = YES;
				ENABLE_TESTABILITY = YES;
				GCC_C_LANGUAGE_STANDARD = gnu11;
				GCC_DYNAMIC_NO_PIC = NO;
				GCC_NO_COMMON_BLOCKS = YES;
				GCC_OPTIMIZATION_LEVEL = 0;
				GCC_PREPROCESSOR_DEFINITIONS = (
					"DEBUG=1",
					"$(inherited)",
				);
				GCC_WARN_64_TO_32_BIT_CONVERSION = YES;
				GCC_WARN_ABOUT_RETURN_TYPE = YES_ERROR;
				GCC_WARN_UNDECLARED_SELECTOR = YES;
				GCC_WARN_UNINITIALIZED_AUTOS = YES_AGGRESSIVE;
				GCC_WARN_UNUSED_FUNCTION = YES;
				GCC_WARN_UNUSED_VARIABLE = YES;
				IPHONEOS_DEPLOYMENT_TARGET = 12.1;
				MTL_ENABLE_DEBUG_INFO = INCLUDE_SOURCE;
				MTL_FAST_MATH = YES;
				ONLY_ACTIVE_ARCH = YES;
				SDKROOT = iphoneos;
				SWIFT_ACTIVE_COMPILATION_CONDITIONS = DEBUG;
				SWIFT_OPTIMIZATION_LEVEL = "-Onone";
			};
			name = Debug;
		};
		F50B39032209543800C51AAF /* Release */ = {
			isa = XCBuildConfiguration;
			buildSettings = {
				ALWAYS_SEARCH_USER_PATHS = NO;
				CLANG_ANALYZER_NONNULL = YES;
				CLANG_ANALYZER_NUMBER_OBJECT_CONVERSION = YES_AGGRESSIVE;
				CLANG_CXX_LANGUAGE_STANDARD = "gnu++14";
				CLANG_CXX_LIBRARY = "libc++";
				CLANG_ENABLE_MODULES = YES;
				CLANG_ENABLE_OBJC_ARC = YES;
				CLANG_ENABLE_OBJC_WEAK = YES;
				CLANG_WARN_BLOCK_CAPTURE_AUTORELEASING = YES;
				CLANG_WARN_BOOL_CONVERSION = YES;
				CLANG_WARN_COMMA = YES;
				CLANG_WARN_CONSTANT_CONVERSION = YES;
				CLANG_WARN_DEPRECATED_OBJC_IMPLEMENTATIONS = YES;
				CLANG_WARN_DIRECT_OBJC_ISA_USAGE = YES_ERROR;
				CLANG_WARN_DOCUMENTATION_COMMENTS = YES;
				CLANG_WARN_EMPTY_BODY = YES;
				CLANG_WARN_ENUM_CONVERSION = YES;
				CLANG_WARN_INFINITE_RECURSION = YES;
				CLANG_WARN_INT_CONVERSION = YES;
				CLANG_WARN_NON_LITERAL_NULL_CONVERSION = YES;
				CLANG_WARN_OBJC_IMPLICIT_RETAIN_SELF = YES;
				CLANG_WARN_OBJC_LITERAL_CONVERSION = YES;
				CLANG_WARN_OBJC_ROOT_CLASS = YES_ERROR;
				CLANG_WARN_RANGE_LOOP_ANALYSIS = YES;
				CLANG_WARN_STRICT_PROTOTYPES = YES;
				CLANG_WARN_SUSPICIOUS_MOVE = YES;
				CLANG_WARN_UNGUARDED_AVAILABILITY = YES_AGGRESSIVE;
				CLANG_WARN_UNREACHABLE_CODE = YES;
				CLANG_WARN__DUPLICATE_METHOD_MATCH = YES;
				CODE_SIGN_IDENTITY = "iPhone Developer";
				COPY_PHASE_STRIP = NO;
				DEBUG_INFORMATION_FORMAT = "dwarf-with-dsym";
				ENABLE_NS_ASSERTIONS = NO;
				ENABLE_STRICT_OBJC_MSGSEND = YES;
				GCC_C_LANGUAGE_STANDARD = gnu11;
				GCC_NO_COMMON_BLOCKS = YES;
				GCC_WARN_64_TO_32_BIT_CONVERSION = YES;
				GCC_WARN_ABOUT_RETURN_TYPE = YES_ERROR;
				GCC_WARN_UNDECLARED_SELECTOR = YES;
				GCC_WARN_UNINITIALIZED_AUTOS = YES_AGGRESSIVE;
				GCC_WARN_UNUSED_FUNCTION = YES;
				GCC_WARN_UNUSED_VARIABLE = YES;
				IPHONEOS_DEPLOYMENT_TARGET = 12.1;
				MTL_ENABLE_DEBUG_INFO = NO;
				MTL_FAST_MATH = YES;
				SDKROOT = iphoneos;
				SWIFT_COMPILATION_MODE = wholemodule;
				SWIFT_OPTIMIZATION_LEVEL = "-O";
				VALIDATE_PRODUCT = YES;
			};
			name = Release;
		};
		F50B39052209543800C51AAF /* Debug */ = {
			isa = XCBuildConfiguration;
			baseConfigurationReference = B7404DFBD970CD39F8F61E87 /* Pods-VKApi.debug.xcconfig */;
			buildSettings = {
				ASSETCATALOG_COMPILER_APPICON_NAME = AppIcon;
				CODE_SIGN_STYLE = Automatic;
				DEVELOPMENT_TEAM = 8XD96ZUA34;
				INFOPLIST_FILE = VKApi/Info.plist;
				LD_RUNPATH_SEARCH_PATHS = (
					"$(inherited)",
					"@executable_path/Frameworks",
				);
				PRODUCT_BUNDLE_IDENTIFIER = "nusmailov-gmail.com.VKApi";
				PRODUCT_NAME = "$(TARGET_NAME)";
				SWIFT_VERSION = 4.2;
				TARGETED_DEVICE_FAMILY = "1,2";
			};
			name = Debug;
		};
		F50B39062209543800C51AAF /* Release */ = {
			isa = XCBuildConfiguration;
			baseConfigurationReference = 037E298E3B82CC966114A9B7 /* Pods-VKApi.release.xcconfig */;
			buildSettings = {
				ASSETCATALOG_COMPILER_APPICON_NAME = AppIcon;
				CODE_SIGN_STYLE = Automatic;
				DEVELOPMENT_TEAM = 8XD96ZUA34;
				INFOPLIST_FILE = VKApi/Info.plist;
				LD_RUNPATH_SEARCH_PATHS = (
					"$(inherited)",
					"@executable_path/Frameworks",
				);
				PRODUCT_BUNDLE_IDENTIFIER = "nusmailov-gmail.com.VKApi";
				PRODUCT_NAME = "$(TARGET_NAME)";
				SWIFT_VERSION = 4.2;
				TARGETED_DEVICE_FAMILY = "1,2";
			};
			name = Release;
		};
/* End XCBuildConfiguration section */

/* Begin XCConfigurationList section */
		F50B38ED2209543500C51AAF /* Build configuration list for PBXProject "VKApi" */ = {
			isa = XCConfigurationList;
			buildConfigurations = (
				F50B39022209543800C51AAF /* Debug */,
				F50B39032209543800C51AAF /* Release */,
			);
			defaultConfigurationIsVisible = 0;
			defaultConfigurationName = Release;
		};
		F50B39042209543800C51AAF /* Build configuration list for PBXNativeTarget "VKApi" */ = {
			isa = XCConfigurationList;
			buildConfigurations = (
				F50B39052209543800C51AAF /* Debug */,
				F50B39062209543800C51AAF /* Release */,
			);
			defaultConfigurationIsVisible = 0;
			defaultConfigurationName = Release;
		};
/* End XCConfigurationList section */
	};
	rootObject = F50B38EA2209543500C51AAF /* Project object */;
}
